
Microsoft Visual Studio Solution File, Format Version 12.00
Project("{FAE04EC0-301F-11D3-BF4B-00C04F79EFBC}") = "AuthTest", "AuthTest\AuthTest.csproj", "{66D10D84-A567-45B7-8C2C-AC9F94161770}"
EndProject
Global
	GlobalSection(SolutionConfigurationPlatforms) = preSolution
		Debug|Any CPU = Debug|Any CPU
		Release|Any CPU = Release|Any CPU
	EndGlobalSection
	GlobalSection(ProjectConfigurationPlatforms) = postSolution
		{66D10D84-A567-45B7-8C2C-AC9F94161770}.Debug|Any CPU.ActiveCfg = Debug|Any CPU
		{66D10D84-A567-45B7-8C2C-AC9F94161770}.Debug|Any CPU.Build.0 = Debug|Any CPU
		{66D10D84-A567-45B7-8C2C-AC9F94161770}.Release|Any CPU.ActiveCfg = Release|Any CPU
		{66D10D84-A567-45B7-8C2C-AC9F94161770}.Release|Any CPU.Build.0 = Release|Any CPU
	EndGlobalSection
EndGlobal
